
Microsoft Visual Studio Solution File, Format Version 12.00
# Visual Studio Version 17
VisualStudioVersion = 17.5.002.0
MinimumVisualStudioVersion = 10.0.40219.1
Project("{9A19103F-16F7-4668-BE54-9A1E7A4F7556}") = "practica3-Nav1dad", "practica3-Nav1dad.csproj", "{643476B2-0446-4C80-B590-0038CE41AA80}"
EndProject
Global
	GlobalSection(SolutionConfigurationPlatforms) = preSolution
		Debug|Any CPU = Debug|Any CPU
		Release|Any CPU = Release|Any CPU
	EndGlobalSection
	GlobalSection(ProjectConfigurationPlatforms) = postSolution
		{643476B2-0446-4C80-B590-0038CE41AA80}.Debug|Any CPU.ActiveCfg = Debug|Any CPU
		{643476B2-0446-4C80-B590-0038CE41AA80}.Debug|Any CPU.Build.0 = Debug|Any CPU
		{643476B2-0446-4C80-B590-0038CE41AA80}.Release|Any CPU.ActiveCfg = Release|Any CPU
		{643476B2-0446-4C80-B590-0038CE41AA80}.Release|Any CPU.Build.0 = Release|Any CPU
	EndGlobalSection
	GlobalSection(SolutionProperties) = preSolution
		HideSolutionNode = FALSE
	EndGlobalSection
	GlobalSection(ExtensibilityGlobals) = postSolution
		SolutionGuid = {A0C8F16B-560A-42CB-8AA2-F42619C5B21B}
	EndGlobalSection
EndGlobal
